{
  "lockfile_version": "1",
  "packages": {
    "nodejs@20": {
      "last_modified": "2024-12-23T21:10:33Z",
      "plugin_version": "0.0.2",
      "resolved": "github:NixOS/nixpkgs/de1864217bfa9b5845f465e771e0ecb48b30e02d#nodejs_20",
      "source": "devbox-search",
      "version": "20.18.1",
      "systems": {
        "aarch64-darwin": {
          "outputs": [
            {
              "name": "out",
              "path": "/nix/store/q49zbi0pzjhg4zn085h9hyz9m1k3hvpb-nodejs-20.18.1",
              "default": true
            },
            {
              "name": "libv8",
              "path": "/nix/store/l08rljd2yr7i1q4x778qazcys2l4ja23-nodejs-20.18.1-libv8"
            }
          ],
          "store_path": "/nix/store/q49zbi0pzjhg4zn085h9hyz9m1k3hvpb-nodejs-20.18.1"
        },
        "aarch64-linux": {
          "outputs": [
            {
              "name": "out",
              "path": "/nix/store/4m1ql1hsd6kqmzr8a657qhipjgssrr0c-nodejs-20.18.1",
              "default": true
            },
            {
              "name": "libv8",
              "path": "/nix/store/r8s1xalb4rpy1r44i413j84i4ny6mnsc-nodejs-20.18.1-libv8"
            }
          ],
          "store_path": "/nix/store/4m1ql1hsd6kqmzr8a657qhipjgssrr0c-nodejs-20.18.1"
        },
        "x86_64-darwin": {
          "outputs": [
            {
              "name": "out",
              "path": "/nix/store/7ky0mn6k33731jwzhsxq6a6dsbjqamqs-nodejs-20.18.1",
              "default": true
            },
            {
              "name": "libv8",
              "path": "/nix/store/jw62k3wxl38r8fcbvxaxrm696ivv3imr-nodejs-20.18.1-libv8"
            }
          ],
          "store_path": "/nix/store/7ky0mn6k33731jwzhsxq6a6dsbjqamqs-nodejs-20.18.1"
        },
        "x86_64-linux": {
          "outputs": [
            {
              "name": "out",
              "path": "/nix/store/j7dx1n6m5axf9r2bvly580x2ixx546wq-nodejs-20.18.1",
              "default": true
            },
            {
              "name": "libv8",
              "path": "/nix/store/qljmc2skrldj0g94rib6nl4jq84193fa-nodejs-20.18.1-libv8"
            }
          ],
          "store_path": "/nix/store/j7dx1n6m5axf9r2bvly580x2ixx546wq-nodejs-20.18.1"
        }
      }
    },
    "postgresql@latest": {
      "last_modified": "2025-01-02T12:43:26Z",
      "plugin_version": "0.0.2",
      "resolved": "github:NixOS/nixpkgs/d6973081434f88088e5321f83ebafe9a1167c367#postgresql",
      "source": "devbox-search",
      "version": "17.2",
      "systems": {
        "aarch64-darwin": {
          "outputs": [
            {
              "name": "out",
              "path": "/nix/store/ljl6i1dmmkp44qb1a1b7g4dr5wnhr2sx-postgresql-17.2",
              "default": true
            },
            {
              "name": "man",
              "path": "/nix/store/w9yv6qlgh7w8ix079v7l3ddy3xd879lj-postgresql-17.2-man",
              "default": true
            },
            {
              "name": "doc",
              "path": "/nix/store/ndqa5jqp082mxlbrhgn2wqrcg5x5msa4-postgresql-17.2-doc"
            },
            {
              "name": "lib",
              "path": "/nix/store/5i1p7h4fc5j6h854x3jq8dmnwbv3c19f-postgresql-17.2-lib"
            },
            {
              "name": "dev",
              "path": "/nix/store/982g7jv3065rjvk6plcwcxm1jrxjgdaf-postgresql-17.2-dev"
            }
          ],
          "store_path": "/nix/store/ljl6i1dmmkp44qb1a1b7g4dr5wnhr2sx-postgresql-17.2"
        },
        "aarch64-linux": {
          "outputs": [
            {
              "name": "out",
              "path": "/nix/store/gprzidv36rfzwb4g8q2w19fsdzr78b83-postgresql-17.2",
              "default": true
            },
            {
              "name": "man",
              "path": "/nix/store/7mpjw0dlrf0ha315vw4sy760f79sg10m-postgresql-17.2-man",
              "default": true
            },
            {
              "name": "debug",
              "path": "/nix/store/clrzx5ajr1l8848nz09v7x3vwzfyh3gp-postgresql-17.2-debug"
            },
            {
              "name": "dev",
              "path": "/nix/store/k2aqfr1vpgvjjax578ipvaprs026y2d9-postgresql-17.2-dev"
            },
            {
              "name": "doc",
              "path": "/nix/store/r76abviddjni83gv3dhrkglwmkkabjxg-postgresql-17.2-doc"
            },
            {
              "name": "lib",
              "path": "/nix/store/mj0lg3bd9pszmwzhhnia6l2j39qvfagd-postgresql-17.2-lib"
            }
          ],
          "store_path": "/nix/store/gprzidv36rfzwb4g8q2w19fsdzr78b83-postgresql-17.2"
        },
        "x86_64-darwin": {
          "outputs": [
            {
              "name": "out",
              "path": "/nix/store/dxls04s2pf3bi155l5mgwivyj13h6w7p-postgresql-17.2",
              "default": true
            },
            {
              "name": "man",
              "path": "/nix/store/43zb3d9l0775gjhiand9i0p5p2m0mk7r-postgresql-17.2-man",
              "default": true
            },
            {
              "name": "dev",
              "path": "/nix/store/67mab9i8dkcb76np562ykvk289nxwksv-postgresql-17.2-dev"
            },
            {
              "name": "doc",
              "path": "/nix/store/1irjvyczqz98ghg4l7dh6z49ipp8vba7-postgresql-17.2-doc"
            },
            {
              "name": "lib",
              "path": "/nix/store/svbkrs1mz2cflpi7yx9kkzjp2i85y76w-postgresql-17.2-lib"
            }
          ],
          "store_path": "/nix/store/dxls04s2pf3bi155l5mgwivyj13h6w7p-postgresql-17.2"
        },
        "x86_64-linux": {
          "outputs": [
            {
              "name": "out",
              "path": "/nix/store/qbvhia9qcd95pvb1zm1cra153lw20l1c-postgresql-17.2",
              "default": true
            },
            {
              "name": "man",
              "path": "/nix/store/dqhdi6x88l1pwi85410y8iyz6i5vg54f-postgresql-17.2-man",
              "default": true
            },
            {
              "name": "lib",
              "path": "/nix/store/i2xb3v7r753g1pbrs0x7njvzbqiz4vvf-postgresql-17.2-lib"
            },
            {
              "name": "debug",
              "path": "/nix/store/xh5g0mj7i96bza6r9kn33208xdvgn5ah-postgresql-17.2-debug"
            },
            {
              "name": "dev",
              "path": "/nix/store/xjdsnglgmz2fc7ggkbysds46z6w07fm6-postgresql-17.2-dev"
            },
            {
              "name": "doc",
              "path": "/nix/store/87jwb6bi9jw4csbcdlynb2jsdm7cgmla-postgresql-17.2-doc"
            }
          ],
          "store_path": "/nix/store/qbvhia9qcd95pvb1zm1cra153lw20l1c-postgresql-17.2"
        }
      }
    }
  }
}
